// !$*UTF8*$!
{
	archiveVersion = 1;
	classes = {
	};
	objectVersion = 48;
	objects = {

/* Begin PBXBuildFile section */
		CB56555D1F7436D80067EE47 /* PlaygroundBluetooth.h in Headers */ = {isa = PBXBuildFile; fileRef = CB56555B1F7436D80067EE47 /* PlaygroundBluetooth.h */; settings = {ATTRIBUTES = (Public, ); }; };
		CB5655641F7436F50067EE47 /* PlaygroundBluetoothCentralManager.swift in Sources */ = {isa = PBXBuildFile; fileRef = CB5655631F7436F50067EE47 /* PlaygroundBluetoothCentralManager.swift */; };
		CBDC3A7A1F747F9E00E51AF0 /* PlaygroundBluetoothCentralManagerDelegate.swift in Sources */ = {isa = PBXBuildFile; fileRef = CBDC3A791F747F9E00E51AF0 /* PlaygroundBluetoothCentralManagerDelegate.swift */; };
		CBDC3A7C1F747FD400E51AF0 /* PlaygroundBluetoothConnectionView.swift in Sources */ = {isa = PBXBuildFile; fileRef = CBDC3A7B1F747FD400E51AF0 /* PlaygroundBluetoothConnectionView.swift */; };
		CBDC3A7E1F747FF700E51AF0 /* PlaygroundBluetoothConnectionViewDelegate.swift in Sources */ = {isa = PBXBuildFile; fileRef = CBDC3A7D1F747FF700E51AF0 /* PlaygroundBluetoothConnectionViewDelegate.swift */; };
		CBDC3A801F74803200E51AF0 /* PlaygroundBluetoothConnectionViewDataSource.swift in Sources */ = {isa = PBXBuildFile; fileRef = CBDC3A7F1F74803200E51AF0 /* PlaygroundBluetoothConnectionViewDataSource.swift */; };
/* End PBXBuildFile section */

/* Begin PBXFileReference section */
		CB5655581F7436D80067EE47 /* PlaygroundBluetooth.framework */ = {isa = PBXFileReference; explicitFileType = wrapper.framework; includeInIndex = 0; path = PlaygroundBluetooth.framework; sourceTree = BUILT_PRODUCTS_DIR; };
		CB56555B1F7436D80067EE47 /* PlaygroundBluetooth.h */ = {isa = PBXFileReference; lastKnownFileType = sourcecode.c.h; path = PlaygroundBluetooth.h; sourceTree = "<group>"; };
		CB56555C1F7436D80067EE47 /* Info.plist */ = {isa = PBXFileReference; lastKnownFileType = text.plist.xml; path = Info.plist; sourceTree = "<group>"; };
		CB5655631F7436F50067EE47 /* PlaygroundBluetoothCentralManager.swift */ = {isa = PBXFileReference; lastKnownFileType = sourcecode.swift; path = PlaygroundBluetoothCentralManager.swift; sourceTree = "<group>"; };
		CBDC3A791F747F9E00E51AF0 /* PlaygroundBluetoothCentralManagerDelegate.swift */ = {isa = PBXFileReference; lastKnownFileType = sourcecode.swift; path = PlaygroundBluetoothCentralManagerDelegate.swift; sourceTree = "<group>"; };
		CBDC3A7B1F747FD400E51AF0 /* PlaygroundBluetoothConnectionView.swift */ = {isa = PBXFileReference; lastKnownFileType = sourcecode.swift; path = PlaygroundBluetoothConnectionView.swift; sourceTree = "<group>"; };
		CBDC3A7D1F747FF700E51AF0 /* PlaygroundBluetoothConnectionViewDelegate.swift */ = {isa = PBXFileReference; lastKnownFileType = sourcecode.swift; path = PlaygroundBluetoothConnectionViewDelegate.swift; sourceTree = "<group>"; };
		CBDC3A7F1F74803200E51AF0 /* PlaygroundBluetoothConnectionViewDataSource.swift */ = {isa = PBXFileReference; lastKnownFileType = sourcecode.swift; path = PlaygroundBluetoothConnectionViewDataSource.swift; sourceTree = "<group>"; };
/* End PBXFileReference section */

/* Begin PBXFrameworksBuildPhase section */
		CB5655541F7436D80067EE47 /* Frameworks */ = {
			isa = PBXFrameworksBuildPhase;
			buildActionMask = 2147483647;
			files = (
			);
			runOnlyForDeploymentPostprocessing = 0;
		};
/* End PBXFrameworksBuildPhase section */

/* Begin PBXGroup section */
		CB56554E1F7436D80067EE47 = {
			isa = PBXGroup;
			children = (
				CB56555A1F7436D80067EE47 /* PlaygroundBluetooth */,
				CB5655591F7436D80067EE47 /* Products */,
			);
			sourceTree = "<group>";
		};
		CB5655591F7436D80067EE47 /* Products */ = {
			isa = PBXGroup;
			children = (
				CB5655581F7436D80067EE47 /* PlaygroundBluetooth.framework */,
			);
			name = Products;
			sourceTree = "<group>";
		};
		CB56555A1F7436D80067EE47 /* PlaygroundBluetooth */ = {
			isa = PBXGroup;
			children = (
				CB56555C1F7436D80067EE47 /* Info.plist */,
				CB56555B1F7436D80067EE47 /* PlaygroundBluetooth.h */,
				CB5655631F7436F50067EE47 /* PlaygroundBluetoothCentralManager.swift */,
				CBDC3A791F747F9E00E51AF0 /* PlaygroundBluetoothCentralManagerDelegate.swift */,
				CBDC3A7B1F747FD400E51AF0 /* PlaygroundBluetoothConnectionView.swift */,
				CBDC3A7F1F74803200E51AF0 /* PlaygroundBluetoothConnectionViewDataSource.swift */,
				CBDC3A7D1F747FF700E51AF0 /* PlaygroundBluetoothConnectionViewDelegate.swift */,
			);
			path = PlaygroundBluetooth;
			sourceTree = "<group>";
		};
/* End PBXGroup section */

/* Begin PBXHeadersBuildPhase section */
		CB5655551F7436D80067EE47 /* Headers */ = {
			isa = PBXHeadersBuildPhase;
			buildActionMask = 2147483647;
			files = (
				CB56555D1F7436D80067EE47 /* PlaygroundBluetooth.h in Headers */,
			);
			runOnlyForDeploymentPostprocessing = 0;
		};
/* End PBXHeadersBuildPhase section */

/* Begin PBXNativeTarget section */
		CB5655571F7436D80067EE47 /* PlaygroundBluetooth */ = {
			isa = PBXNativeTarget;
			buildConfigurationList = CB5655601F7436D80067EE47 /* Build configuration list for PBXNativeTarget "PlaygroundBluetooth" */;
			buildPhases = (
				CB5655531F7436D80067EE47 /* Sources */,
				CB5655541F7436D80067EE47 /* Frameworks */,
				CB5655551F7436D80067EE47 /* Headers */,
				CB5655561F7436D80067EE47 /* Resources */,
			);
			buildRules = (
			);
			dependencies = (
			);
			name = PlaygroundBluetooth;
			productName = PlaygroundBluetooth;
			productReference = CB5655581F7436D80067EE47 /* PlaygroundBluetooth.framework */;
			productType = "com.apple.product-type.framework";
		};
/* End PBXNativeTarget section */

/* Begin PBXProject section */
		CB56554F1F7436D80067EE47 /* Project object */ = {
			isa = PBXProject;
			attributes = {
				LastSwiftUpdateCheck = 0900;
				LastUpgradeCheck = 0900;
				ORGANIZATIONNAME = ooba;
				TargetAttributes = {
					CB5655571F7436D80067EE47 = {
						CreatedOnToolsVersion = 9.0;
						LastSwiftMigration = 0900;
						ProvisioningStyle = Automatic;
					};
				};
			};
			buildConfigurationList = CB5655521F7436D80067EE47 /* Build configuration list for PBXProject "PlaygroundBluetooth" */;
			compatibilityVersion = "Xcode 8.0";
			developmentRegion = en;
			hasScannedForEncodings = 0;
			knownRegions = (
				en,
				Base,
			);
			mainGroup = CB56554E1F7436D80067EE47;
			productRefGroup = CB5655591F7436D80067EE47 /* Products */;
			projectDirPath = "";
			projectRoot = "";
			targets = (
				CB5655571F7436D80067EE47 /* PlaygroundBluetooth */,
			);
		};
/* End PBXProject section */

/* Begin PBXResourcesBuildPhase section */
		CB5655561F7436D80067EE47 /* Resources */ = {
			isa = PBXResourcesBuildPhase;
			buildActionMask = 2147483647;
			files = (
			);
			runOnlyForDeploymentPostprocessing = 0;
		};
/* End PBXResourcesBuildPhase section */

/* Begin PBXSourcesBuildPhase section */
		CB5655531F7436D80067EE47 /* Sources */ = {
			isa = PBXSourcesBuildPhase;
			buildActionMask = 2147483647;
			files = (
				CBDC3A7A1F747F9E00E51AF0 /* PlaygroundBluetoothCentralManagerDelegate.swift in Sources */,
				CBDC3A7E1F747FF700E51AF0 /* PlaygroundBluetoothConnectionViewDelegate.swift in Sources */,
				CBDC3A7C1F747FD400E51AF0 /* PlaygroundBluetoothConnectionView.swift in Sources */,
				CBDC3A801F74803200E51AF0 /* PlaygroundBluetoothConnectionViewDataSource.swift in Sources */,
				CB5655641F7436F50067EE47 /* PlaygroundBluetoothCentralManager.swift in Sources */,
			);
			runOnlyForDeploymentPostprocessing = 0;
		};
/* End PBXSourcesBuildPhase section */

/* Begin XCBuildConfiguration section */
		CB56555E1F7436D80067EE47 /* Debug */ = {
			isa = XCBuildConfiguration;
			buildSettings = {
				ALWAYS_SEARCH_USER_PATHS = NO;
				CLANG_ANALYZER_NONNULL = YES;
				CLANG_ANALYZER_NUMBER_OBJECT_CONVERSION = YES_AGGRESSIVE;
				CLANG_CXX_LANGUAGE_STANDARD = "gnu++14";
				CLANG_CXX_LIBRARY = "libc++";
				CLANG_ENABLE_MODULES = YES;
				CLANG_ENABLE_OBJC_ARC = YES;
				CLANG_WARN_BLOCK_CAPTURE_AUTORELEASING = YES;
				CLANG_WARN_BOOL_CONVERSION = YES;
				CLANG_WARN_COMMA = YES;
				CLANG_WARN_CONSTANT_CONVERSION = YES;
				CLANG_WARN_DIRECT_OBJC_ISA_USAGE = YES_ERROR;
				CLANG_WARN_DOCUMENTATION_COMMENTS = YES;
				CLANG_WARN_EMPTY_BODY = YES;
				CLANG_WARN_ENUM_CONVERSION = YES;
				CLANG_WARN_INFINITE_RECURSION = YES;
				CLANG_WARN_INT_CONVERSION = YES;
				CLANG_WARN_NON_LITERAL_NULL_CONVERSION = YES;
				CLANG_WARN_OBJC_LITERAL_CONVERSION = YES;
				CLANG_WARN_OBJC_ROOT_CLASS = YES_ERROR;
				CLANG_WARN_RANGE_LOOP_ANALYSIS = YES;
				CLANG_WARN_STRICT_PROTOTYPES = YES;
				CLANG_WARN_SUSPICIOUS_MOVE = YES;
				CLANG_WARN_UNGUARDED_AVAILABILITY = YES_AGGRESSIVE;
				CLANG_WARN_UNREACHABLE_CODE = YES;
				CLANG_WARN__DUPLICATE_METHOD_MATCH = YES;
				CODE_SIGN_IDENTITY = "iPhone Developer";
				COPY_PHASE_STRIP = NO;
				CURRENT_PROJECT_VERSION = 1;
				DEBUG_INFORMATION_FORMAT = dwarf;
				ENABLE_STRICT_OBJC_MSGSEND = YES;
				ENABLE_TESTABILITY = YES;
				GCC_C_LANGUAGE_STANDARD = gnu11;
				GCC_DYNAMIC_NO_PIC = NO;
				GCC_NO_COMMON_BLOCKS = YES;
				GCC_OPTIMIZATION_LEVEL = 0;
				GCC_PREPROCESSOR_DEFINITIONS = (
					"DEBUG=1",
					"$(inherited)",
				);
				GCC_WARN_64_TO_32_BIT_CONVERSION = YES;
				GCC_WARN_ABOUT_RETURN_TYPE = YES_ERROR;
				GCC_WARN_UNDECLARED_SELECTOR = YES;
				GCC_WARN_UNINITIALIZED_AUTOS = YES_AGGRESSIVE;
				GCC_WARN_UNUSED_FUNCTION = YES;
				GCC_WARN_UNUSED_VARIABLE = YES;
				IPHONEOS_DEPLOYMENT_TARGET = 10.0;
				MTL_ENABLE_DEBUG_INFO = YES;
				ONLY_ACTIVE_ARCH = YES;
				SDKROOT = iphoneos;
				SWIFT_ACTIVE_COMPILATION_CONDITIONS = DEBUG;
				SWIFT_OPTIMIZATION_LEVEL = "-Onone";
				VERSIONING_SYSTEM = "apple-generic";
				VERSION_INFO_PREFIX = "";
			};
			name = Debug;
		};
		CB56555F1F7436D80067EE47 /* Release */ = {
			isa = XCBuildConfiguration;
			buildSettings = {
				ALWAYS_SEARCH_USER_PATHS = NO;
				CLANG_ANALYZER_NONNULL = YES;
				CLANG_ANALYZER_NUMBER_OBJECT_CONVERSION = YES_AGGRESSIVE;
				CLANG_CXX_LANGUAGE_STANDARD = "gnu++14";
				CLANG_CXX_LIBRARY = "libc++";
				CLANG_ENABLE_MODULES = YES;
				CLANG_ENABLE_OBJC_ARC = YES;
				CLANG_WARN_BLOCK_CAPTURE_AUTORELEASING = YES;
				CLANG_WARN_BOOL_CONVERSION = YES;
				CLANG_WARN_COMMA = YES;
				CLANG_WARN_CONSTANT_CONVERSION = YES;
				CLANG_WARN_DIRECT_OBJC_ISA_USAGE = YES_ERROR;
				CLANG_WARN_DOCUMENTATION_COMMENTS = YES;
				CLANG_WARN_EMPTY_BODY = YES;
				CLANG_WARN_ENUM_CONVERSION = YES;
				CLANG_WARN_INFINITE_RECURSION = YES;
				CLANG_WARN_INT_CONVERSION = YES;
				CLANG_WARN_NON_LITERAL_NULL_CONVERSION = YES;
				CLANG_WARN_OBJC_LITERAL_CONVERSION = YES;
				CLANG_WARN_OBJC_ROOT_CLASS = YES_ERROR;
				CLANG_WARN_RANGE_LOOP_ANALYSIS = YES;
				CLANG_WARN_STRICT_PROTOTYPES = YES;
				CLANG_WARN_SUSPICIOUS_MOVE = YES;
				CLANG_WARN_UNGUARDED_AVAILABILITY = YES_AGGRESSIVE;
				CLANG_WARN_UNREACHABLE_CODE = YES;
				CLANG_WARN__DUPLICATE_METHOD_MATCH = YES;
				CODE_SIGN_IDENTITY = "iPhone Developer";
				COPY_PHASE_STRIP = NO;
				CURRENT_PROJECT_VERSION = 1;
				DEBUG_INFORMATION_FORMAT = "dwarf-with-dsym";
				ENABLE_NS_ASSERTIONS = NO;
				ENABLE_STRICT_OBJC_MSGSEND = YES;
				GCC_C_LANGUAGE_STANDARD = gnu11;
				GCC_NO_COMMON_BLOCKS = YES;
				GCC_WARN_64_TO_32_BIT_CONVERSION = YES;
				GCC_WARN_ABOUT_RETURN_TYPE = YES_ERROR;
				GCC_WARN_UNDECLARED_SELECTOR = YES;
				GCC_WARN_UNINITIALIZED_AUTOS = YES_AGGRESSIVE;
				GCC_WARN_UNUSED_FUNCTION = YES;
				GCC_WARN_UNUSED_VARIABLE = YES;
				IPHONEOS_DEPLOYMENT_TARGET = 10.0;
				MTL_ENABLE_DEBUG_INFO = NO;
				SDKROOT = iphoneos;
				SWIFT_OPTIMIZATION_LEVEL = "-Owholemodule";
				VALIDATE_PRODUCT = YES;
				VERSIONING_SYSTEM = "apple-generic";
				VERSION_INFO_PREFIX = "";
			};
			name = Release;
		};
		CB5655611F7436D80067EE47 /* Debug */ = {
			isa = XCBuildConfiguration;
			buildSettings = {
				CLANG_ENABLE_MODULES = YES;
				CODE_SIGN_IDENTITY = "";
				CODE_SIGN_STYLE = Automatic;
				DEFINES_MODULE = YES;
				DYLIB_COMPATIBILITY_VERSION = 1;
				DYLIB_CURRENT_VERSION = 1;
				DYLIB_INSTALL_NAME_BASE = "@rpath";
				INFOPLIST_FILE = PlaygroundBluetooth/Info.plist;
				INSTALL_PATH = "$(LOCAL_LIBRARY_DIR)/Frameworks";
				LD_RUNPATH_SEARCH_PATHS = "$(inherited) @executable_path/Frameworks @loader_path/Frameworks";
				PRODUCT_BUNDLE_IDENTIFIER = com.bricklife.PlaygroundBluetooth;
				PRODUCT_NAME = "$(TARGET_NAME:c99extidentifier)";
				SKIP_INSTALL = YES;
				SWIFT_OPTIMIZATION_LEVEL = "-Onone";
				SWIFT_VERSION = 4.0;
				TARGETED_DEVICE_FAMILY = "1,2";
			};
			name = Debug;
		};
		CB5655621F7436D80067EE47 /* Release */ = {
			isa = XCBuildConfiguration;
			buildSettings = {
				CLANG_ENABLE_MODULES = YES;
				CODE_SIGN_IDENTITY = "";
				CODE_SIGN_STYLE = Automatic;
				DEFINES_MODULE = YES;
				DYLIB_COMPATIBILITY_VERSION = 1;
				DYLIB_CURRENT_VERSION = 1;
				DYLIB_INSTALL_NAME_BASE = "@rpath";
				INFOPLIST_FILE = PlaygroundBluetooth/Info.plist;
				INSTALL_PATH = "$(LOCAL_LIBRARY_DIR)/Frameworks";
				LD_RUNPATH_SEARCH_PATHS = "$(inherited) @executable_path/Frameworks @loader_path/Frameworks";
				PRODUCT_BUNDLE_IDENTIFIER = com.bricklife.PlaygroundBluetooth;
				PRODUCT_NAME = "$(TARGET_NAME:c99extidentifier)";
				SKIP_INSTALL = YES;
				SWIFT_VERSION = 4.0;
				TARGETED_DEVICE_FAMILY = "1,2";
			};
			name = Release;
		};
/* End XCBuildConfiguration section */

/* Begin XCConfigurationList section */
		CB5655521F7436D80067EE47 /* Build configuration list for PBXProject "PlaygroundBluetooth" */ = {
			isa = XCConfigurationList;
			buildConfigurations = (
				CB56555E1F7436D80067EE47 /* Debug */,
				CB56555F1F7436D80067EE47 /* Release */,
			);
			defaultConfigurationIsVisible = 0;
			defaultConfigurationName = Release;
		};
		CB5655601F7436D80067EE47 /* Build configuration list for PBXNativeTarget "PlaygroundBluetooth" */ = {
			isa = XCConfigurationList;
			buildConfigurations = (
				CB5655611F7436D80067EE47 /* Debug */,
				CB5655621F7436D80067EE47 /* Release */,
			);
			defaultConfigurationIsVisible = 0;
			defaultConfigurationName = Release;
		};
/* End XCConfigurationList section */
	};
	rootObject = CB56554F1F7436D80067EE47 /* Project object */;
}
